
Microsoft Visual Studio Solution File, Format Version 12.00
Project("{FAE04EC0-301F-11D3-BF4B-00C04F79EFBC}") = "DemoIdentityApp.API", "DemoIdentityApp.API\DemoIdentityApp.API.csproj", "{EB2B7508-0DD7-4203-9CB6-F07E2F07226C}"
EndProject
Project("{FAE04EC0-301F-11D3-BF4B-00C04F79EFBC}") = "DemoIdentityApp.DAL", "DemoIdentityApp.DAL\DemoIdentityApp.DAL.csproj", "{7E6F23D9-8FE8-4466-AB5E-51923B1A54AA}"
EndProject
Global
	GlobalSection(SolutionConfigurationPlatforms) = preSolution
		Debug|Any CPU = Debug|Any CPU
		Release|Any CPU = Release|Any CPU
	EndGlobalSection
	GlobalSection(ProjectConfigurationPlatforms) = postSolution
		{EB2B7508-0DD7-4203-9CB6-F07E2F07226C}.Debug|Any CPU.ActiveCfg = Debug|Any CPU
		{EB2B7508-0DD7-4203-9CB6-F07E2F07226C}.Debug|Any CPU.Build.0 = Debug|Any CPU
		{EB2B7508-0DD7-4203-9CB6-F07E2F07226C}.Release|Any CPU.ActiveCfg = Release|Any CPU
		{EB2B7508-0DD7-4203-9CB6-F07E2F07226C}.Release|Any CPU.Build.0 = Release|Any CPU
		{7E6F23D9-8FE8-4466-AB5E-51923B1A54AA}.Debug|Any CPU.ActiveCfg = Debug|Any CPU
		{7E6F23D9-8FE8-4466-AB5E-51923B1A54AA}.Debug|Any CPU.Build.0 = Debug|Any CPU
		{7E6F23D9-8FE8-4466-AB5E-51923B1A54AA}.Release|Any CPU.ActiveCfg = Release|Any CPU
		{7E6F23D9-8FE8-4466-AB5E-51923B1A54AA}.Release|Any CPU.Build.0 = Release|Any CPU
	EndGlobalSection
EndGlobal
